
Microsoft Visual Studio Solution File, Format Version 12.00
# Visual Studio Version 17
VisualStudioVersion = 17.6.33829.357
MinimumVisualStudioVersion = 10.0.40219.1
Project("{FAE04EC0-301F-11D3-BF4B-00C04F79EFBC}") = "CreativaSL.WinForm.VentaBoletos", "CreativaSL.WinForm.VentaBoletos\CreativaSL.WinForm.VentaBoletos.csproj", "{0F5F7AF8-0DBB-443C-A782-513E484D8825}"
EndProject
Project("{FAE04EC0-301F-11D3-BF4B-00C04F79EFBC}") = "CreativaSL.Dll.VentaBoletosDatos", "CreativaSL.Dll.VentaBoletosDatos\CreativaSL.Dll.VentaBoletosDatos.csproj", "{9CDC8AD4-C39D-4C9A-8C45-954FF7B2B902}"
EndProject
Project("{FAE04EC0-301F-11D3-BF4B-00C04F79EFBC}") = "CreativaSL.Dll.VentaBoletosNegocio", "CreativaSL.Dll.VentaBoletosNegocio\CreativaSL.Dll.VentaBoletosNegocio.csproj", "{187B21A6-9469-49BC-AC88-59FD91502627}"
EndProject
Project("{FAE04EC0-301F-11D3-BF4B-00C04F79EFBC}") = "CreativaSL.Dll.VentaBoletosGlobal", "CreativaSL.Dll.VentaBoletosGlobal\CreativaSL.Dll.VentaBoletosGlobal.csproj", "{6D5CBFE6-D836-41EB-A519-73CF3F03BF4E}"
EndProject
Project("{FAE04EC0-301F-11D3-BF4B-00C04F79EFBC}") = "_ExternalComponent", "_ExternalComponent\_ExternalComponent.csproj", "{88BE8F37-2826-43C1-9991-80C12DD46D48}"
EndProject
Global
	GlobalSection(SolutionConfigurationPlatforms) = preSolution
		CD_ROM|Any CPU = CD_ROM|Any CPU
		CD_ROM|x64 = CD_ROM|x64
		CD_ROM|x86 = CD_ROM|x86
		Debug|Any CPU = Debug|Any CPU
		Debug|x64 = Debug|x64
		Debug|x86 = Debug|x86
		DVD-5|Any CPU = DVD-5|Any CPU
		DVD-5|x64 = DVD-5|x64
		DVD-5|x86 = DVD-5|x86
		Release|Any CPU = Release|Any CPU
		Release|x64 = Release|x64
		Release|x86 = Release|x86
		SingleImage|Any CPU = SingleImage|Any CPU
		SingleImage|x64 = SingleImage|x64
		SingleImage|x86 = SingleImage|x86
	EndGlobalSection
	GlobalSection(ProjectConfigurationPlatforms) = postSolution
		{0F5F7AF8-0DBB-443C-A782-513E484D8825}.CD_ROM|Any CPU.ActiveCfg = Release|Any CPU
		{0F5F7AF8-0DBB-443C-A782-513E484D8825}.CD_ROM|Any CPU.Build.0 = Release|Any CPU
		{0F5F7AF8-0DBB-443C-A782-513E484D8825}.CD_ROM|x64.ActiveCfg = Release|x64
		{0F5F7AF8-0DBB-443C-A782-513E484D8825}.CD_ROM|x64.Build.0 = Release|x64
		{0F5F7AF8-0DBB-443C-A782-513E484D8825}.CD_ROM|x86.ActiveCfg = Release|x86
		{0F5F7AF8-0DBB-443C-A782-513E484D8825}.CD_ROM|x86.Build.0 = Release|x86
		{0F5F7AF8-0DBB-443C-A782-513E484D8825}.Debug|Any CPU.ActiveCfg = Debug|Any CPU
		{0F5F7AF8-0DBB-443C-A782-513E484D8825}.Debug|Any CPU.Build.0 = Debug|Any CPU
		{0F5F7AF8-0DBB-443C-A782-513E484D8825}.Debug|x64.ActiveCfg = Debug|x64
		{0F5F7AF8-0DBB-443C-A782-513E484D8825}.Debug|x64.Build.0 = Debug|x64
		{0F5F7AF8-0DBB-443C-A782-513E484D8825}.Debug|x86.ActiveCfg = Debug|x86
		{0F5F7AF8-0DBB-443C-A782-513E484D8825}.Debug|x86.Build.0 = Debug|x86
		{0F5F7AF8-0DBB-443C-A782-513E484D8825}.DVD-5|Any CPU.ActiveCfg = Debug|Any CPU
		{0F5F7AF8-0DBB-443C-A782-513E484D8825}.DVD-5|Any CPU.Build.0 = Debug|Any CPU
		{0F5F7AF8-0DBB-443C-A782-513E484D8825}.DVD-5|x64.ActiveCfg = Debug|x64
		{0F5F7AF8-0DBB-443C-A782-513E484D8825}.DVD-5|x64.Build.0 = Debug|x64
		{0F5F7AF8-0DBB-443C-A782-513E484D8825}.DVD-5|x86.ActiveCfg = Debug|x86
		{0F5F7AF8-0DBB-443C-A782-513E484D8825}.DVD-5|x86.Build.0 = Debug|x86
		{0F5F7AF8-0DBB-443C-A782-513E484D8825}.Release|Any CPU.ActiveCfg = Release|Any CPU
		{0F5F7AF8-0DBB-443C-A782-513E484D8825}.Release|Any CPU.Build.0 = Release|Any CPU
		{0F5F7AF8-0DBB-443C-A782-513E484D8825}.Release|x64.ActiveCfg = Release|x64
		{0F5F7AF8-0DBB-443C-A782-513E484D8825}.Release|x64.Build.0 = Release|x64
		{0F5F7AF8-0DBB-443C-A782-513E484D8825}.Release|x86.ActiveCfg = Release|x86
		{0F5F7AF8-0DBB-443C-A782-513E484D8825}.Release|x86.Build.0 = Release|x86
		{0F5F7AF8-0DBB-443C-A782-513E484D8825}.SingleImage|Any CPU.ActiveCfg = Release|Any CPU
		{0F5F7AF8-0DBB-443C-A782-513E484D8825}.SingleImage|Any CPU.Build.0 = Release|Any CPU
		{0F5F7AF8-0DBB-443C-A782-513E484D8825}.SingleImage|x64.ActiveCfg = Release|x64
		{0F5F7AF8-0DBB-443C-A782-513E484D8825}.SingleImage|x64.Build.0 = Release|x64
		{0F5F7AF8-0DBB-443C-A782-513E484D8825}.SingleImage|x86.ActiveCfg = Release|x86
		{0F5F7AF8-0DBB-443C-A782-513E484D8825}.SingleImage|x86.Build.0 = Release|x86
		{9CDC8AD4-C39D-4C9A-8C45-954FF7B2B902}.CD_ROM|Any CPU.ActiveCfg = Release|Any CPU
		{9CDC8AD4-C39D-4C9A-8C45-954FF7B2B902}.CD_ROM|Any CPU.Build.0 = Release|Any CPU
		{9CDC8AD4-C39D-4C9A-8C45-954FF7B2B902}.CD_ROM|x64.ActiveCfg = Release|x64
		{9CDC8AD4-C39D-4C9A-8C45-954FF7B2B902}.CD_ROM|x64.Build.0 = Release|x64
		{9CDC8AD4-C39D-4C9A-8C45-954FF7B2B902}.CD_ROM|x86.ActiveCfg = Release|x86
		{9CDC8AD4-C39D-4C9A-8C45-954FF7B2B902}.CD_ROM|x86.Build.0 = Release|x86
		{9CDC8AD4-C39D-4C9A-8C45-954FF7B2B902}.Debug|Any CPU.ActiveCfg = Debug|Any CPU
		{9CDC8AD4-C39D-4C9A-8C45-954FF7B2B902}.Debug|Any CPU.Build.0 = Debug|Any CPU
		{9CDC8AD4-C39D-4C9A-8C45-954FF7B2B902}.Debug|x64.ActiveCfg = Debug|x64
		{9CDC8AD4-C39D-4C9A-8C45-954FF7B2B902}.Debug|x64.Build.0 = Debug|x64
		{9CDC8AD4-C39D-4C9A-8C45-954FF7B2B902}.Debug|x86.ActiveCfg = Debug|x86
		{9CDC8AD4-C39D-4C9A-8C45-954FF7B2B902}.Debug|x86.Build.0 = Debug|x86
		{9CDC8AD4-C39D-4C9A-8C45-954FF7B2B902}.DVD-5|Any CPU.ActiveCfg = Debug|Any CPU
		{9CDC8AD4-C39D-4C9A-8C45-954FF7B2B902}.DVD-5|Any CPU.Build.0 = Debug|Any CPU
		{9CDC8AD4-C39D-4C9A-8C45-954FF7B2B902}.DVD-5|x64.ActiveCfg = Debug|x64
		{9CDC8AD4-C39D-4C9A-8C45-954FF7B2B902}.DVD-5|x64.Build.0 = Debug|x64
		{9CDC8AD4-C39D-4C9A-8C45-954FF7B2B902}.DVD-5|x86.ActiveCfg = Debug|x86
		{9CDC8AD4-C39D-4C9A-8C45-954FF7B2B902}.DVD-5|x86.Build.0 = Debug|x86
		{9CDC8AD4-C39D-4C9A-8C45-954FF7B2B902}.Release|Any CPU.ActiveCfg = Release|Any CPU
		{9CDC8AD4-C39D-4C9A-8C45-954FF7B2B902}.Release|Any CPU.Build.0 = Release|Any CPU
		{9CDC8AD4-C39D-4C9A-8C45-954FF7B2B902}.Release|x64.ActiveCfg = Release|x64
		{9CDC8AD4-C39D-4C9A-8C45-954FF7B2B902}.Release|x64.Build.0 = Release|x64
		{9CDC8AD4-C39D-4C9A-8C45-954FF7B2B902}.Release|x86.ActiveCfg = Release|x86
		{9CDC8AD4-C39D-4C9A-8C45-954FF7B2B902}.Release|x86.Build.0 = Release|x86
		{9CDC8AD4-C39D-4C9A-8C45-954FF7B2B902}.SingleImage|Any CPU.ActiveCfg = Release|Any CPU
		{9CDC8AD4-C39D-4C9A-8C45-954FF7B2B902}.SingleImage|Any CPU.Build.0 = Release|Any CPU
		{9CDC8AD4-C39D-4C9A-8C45-954FF7B2B902}.SingleImage|x64.ActiveCfg = Release|x64
		{9CDC8AD4-C39D-4C9A-8C45-954FF7B2B902}.SingleImage|x64.Build.0 = Release|x64
		{9CDC8AD4-C39D-4C9A-8C45-954FF7B2B902}.SingleImage|x86.ActiveCfg = Release|x86
		{9CDC8AD4-C39D-4C9A-8C45-954FF7B2B902}.SingleImage|x86.Build.0 = Release|x86
		{187B21A6-9469-49BC-AC88-59FD91502627}.CD_ROM|Any CPU.ActiveCfg = Release|Any CPU
		{187B21A6-9469-49BC-AC88-59FD91502627}.CD_ROM|Any CPU.Build.0 = Release|Any CPU
		{187B21A6-9469-49BC-AC88-59FD91502627}.CD_ROM|x64.ActiveCfg = Release|x64
		{187B21A6-9469-49BC-AC88-59FD91502627}.CD_ROM|x64.Build.0 = Release|x64
		{187B21A6-9469-49BC-AC88-59FD91502627}.CD_ROM|x86.ActiveCfg = Release|x86
		{187B21A6-9469-49BC-AC88-59FD91502627}.CD_ROM|x86.Build.0 = Release|x86
		{187B21A6-9469-49BC-AC88-59FD91502627}.Debug|Any CPU.ActiveCfg = Debug|Any CPU
		{187B21A6-9469-49BC-AC88-59FD91502627}.Debug|Any CPU.Build.0 = Debug|Any CPU
		{187B21A6-9469-49BC-AC88-59FD91502627}.Debug|x64.ActiveCfg = Debug|x64
		{187B21A6-9469-49BC-AC88-59FD91502627}.Debug|x64.Build.0 = Debug|x64
		{187B21A6-9469-49BC-AC88-59FD91502627}.Debug|x86.ActiveCfg = Debug|x86
		{187B21A6-9469-49BC-AC88-59FD91502627}.Debug|x86.Build.0 = Debug|x86
		{187B21A6-9469-49BC-AC88-59FD91502627}.DVD-5|Any CPU.ActiveCfg = Debug|Any CPU
		{187B21A6-9469-49BC-AC88-59FD91502627}.DVD-5|Any CPU.Build.0 = Debug|Any CPU
		{187B21A6-9469-49BC-AC88-59FD91502627}.DVD-5|x64.ActiveCfg = Debug|x64
		{187B21A6-9469-49BC-AC88-59FD91502627}.DVD-5|x64.Build.0 = Debug|x64
		{187B21A6-9469-49BC-AC88-59FD91502627}.DVD-5|x86.ActiveCfg = Debug|x86
		{187B21A6-9469-49BC-AC88-59FD91502627}.DVD-5|x86.Build.0 = Debug|x86
		{187B21A6-9469-49BC-AC88-59FD91502627}.Release|Any CPU.ActiveCfg = Release|Any CPU
		{187B21A6-9469-49BC-AC88-59FD91502627}.Release|Any CPU.Build.0 = Release|Any CPU
		{187B21A6-9469-49BC-AC88-59FD91502627}.Release|x64.ActiveCfg = Release|x64
		{187B21A6-9469-49BC-AC88-59FD91502627}.Release|x64.Build.0 = Release|x64
		{187B21A6-9469-49BC-AC88-59FD91502627}.Release|x86.ActiveCfg = Release|x86
		{187B21A6-9469-49BC-AC88-59FD91502627}.Release|x86.Build.0 = Release|x86
		{187B21A6-9469-49BC-AC88-59FD91502627}.SingleImage|Any CPU.ActiveCfg = Release|Any CPU
		{187B21A6-9469-49BC-AC88-59FD91502627}.SingleImage|Any CPU.Build.0 = Release|Any CPU
		{187B21A6-9469-49BC-AC88-59FD91502627}.SingleImage|x64.ActiveCfg = Release|x64
		{187B21A6-9469-49BC-AC88-59FD91502627}.SingleImage|x64.Build.0 = Release|x64
		{187B21A6-9469-49BC-AC88-59FD91502627}.SingleImage|x86.ActiveCfg = Release|x86
		{187B21A6-9469-49BC-AC88-59FD91502627}.SingleImage|x86.Build.0 = Release|x86
		{6D5CBFE6-D836-41EB-A519-73CF3F03BF4E}.CD_ROM|Any CPU.ActiveCfg = Release|Any CPU
		{6D5CBFE6-D836-41EB-A519-73CF3F03BF4E}.CD_ROM|Any CPU.Build.0 = Release|Any CPU
		{6D5CBFE6-D836-41EB-A519-73CF3F03BF4E}.CD_ROM|x64.ActiveCfg = Release|x64
		{6D5CBFE6-D836-41EB-A519-73CF3F03BF4E}.CD_ROM|x64.Build.0 = Release|x64
		{6D5CBFE6-D836-41EB-A519-73CF3F03BF4E}.CD_ROM|x86.ActiveCfg = Release|x86
		{6D5CBFE6-D836-41EB-A519-73CF3F03BF4E}.CD_ROM|x86.Build.0 = Release|x86
		{6D5CBFE6-D836-41EB-A519-73CF3F03BF4E}.Debug|Any CPU.ActiveCfg = Debug|Any CPU
		{6D5CBFE6-D836-41EB-A519-73CF3F03BF4E}.Debug|Any CPU.Build.0 = Debug|Any CPU
		{6D5CBFE6-D836-41EB-A519-73CF3F03BF4E}.Debug|x64.ActiveCfg = Debug|x64
		{6D5CBFE6-D836-41EB-A519-73CF3F03BF4E}.Debug|x64.Build.0 = Debug|x64
		{6D5CBFE6-D836-41EB-A519-73CF3F03BF4E}.Debug|x86.ActiveCfg = Debug|x86
		{6D5CBFE6-D836-41EB-A519-73CF3F03BF4E}.Debug|x86.Build.0 = Debug|x86
		{6D5CBFE6-D836-41EB-A519-73CF3F03BF4E}.DVD-5|Any CPU.ActiveCfg = Debug|Any CPU
		{6D5CBFE6-D836-41EB-A519-73CF3F03BF4E}.DVD-5|Any CPU.Build.0 = Debug|Any CPU
		{6D5CBFE6-D836-41EB-A519-73CF3F03BF4E}.DVD-5|x64.ActiveCfg = Debug|x64
		{6D5CBFE6-D836-41EB-A519-73CF3F03BF4E}.DVD-5|x64.Build.0 = Debug|x64
		{6D5CBFE6-D836-41EB-A519-73CF3F03BF4E}.DVD-5|x86.ActiveCfg = Debug|x86
		{6D5CBFE6-D836-41EB-A519-73CF3F03BF4E}.DVD-5|x86.Build.0 = Debug|x86
		{6D5CBFE6-D836-41EB-A519-73CF3F03BF4E}.Release|Any CPU.ActiveCfg = Release|Any CPU
		{6D5CBFE6-D836-41EB-A519-73CF3F03BF4E}.Release|Any CPU.Build.0 = Release|Any CPU
		{6D5CBFE6-D836-41EB-A519-73CF3F03BF4E}.Release|x64.ActiveCfg = Release|x64
		{6D5CBFE6-D836-41EB-A519-73CF3F03BF4E}.Release|x64.Build.0 = Release|x64
		{6D5CBFE6-D836-41EB-A519-73CF3F03BF4E}.Release|x86.ActiveCfg = Release|x86
		{6D5CBFE6-D836-41EB-A519-73CF3F03BF4E}.Release|x86.Build.0 = Release|x86
		{6D5CBFE6-D836-41EB-A519-73CF3F03BF4E}.SingleImage|Any CPU.ActiveCfg = Release|Any CPU
		{6D5CBFE6-D836-41EB-A519-73CF3F03BF4E}.SingleImage|Any CPU.Build.0 = Release|Any CPU
		{6D5CBFE6-D836-41EB-A519-73CF3F03BF4E}.SingleImage|x64.ActiveCfg = Release|x64
		{6D5CBFE6-D836-41EB-A519-73CF3F03BF4E}.SingleImage|x64.Build.0 = Release|x64
		{6D5CBFE6-D836-41EB-A519-73CF3F03BF4E}.SingleImage|x86.ActiveCfg = Release|x86
		{6D5CBFE6-D836-41EB-A519-73CF3F03BF4E}.SingleImage|x86.Build.0 = Release|x86
		{88BE8F37-2826-43C1-9991-80C12DD46D48}.CD_ROM|Any CPU.ActiveCfg = Release|Any CPU
		{88BE8F37-2826-43C1-9991-80C12DD46D48}.CD_ROM|Any CPU.Build.0 = Release|Any CPU
		{88BE8F37-2826-43C1-9991-80C12DD46D48}.CD_ROM|x64.ActiveCfg = Release|Any CPU
		{88BE8F37-2826-43C1-9991-80C12DD46D48}.CD_ROM|x64.Build.0 = Release|Any CPU
		{88BE8F37-2826-43C1-9991-80C12DD46D48}.CD_ROM|x86.ActiveCfg = Release|Any CPU
		{88BE8F37-2826-43C1-9991-80C12DD46D48}.CD_ROM|x86.Build.0 = Release|Any CPU
		{88BE8F37-2826-43C1-9991-80C12DD46D48}.Debug|Any CPU.ActiveCfg = Debug|Any CPU
		{88BE8F37-2826-43C1-9991-80C12DD46D48}.Debug|Any CPU.Build.0 = Debug|Any CPU
		{88BE8F37-2826-43C1-9991-80C12DD46D48}.Debug|x64.ActiveCfg = Debug|Any CPU
		{88BE8F37-2826-43C1-9991-80C12DD46D48}.Debug|x64.Build.0 = Debug|Any CPU
		{88BE8F37-2826-43C1-9991-80C12DD46D48}.Debug|x86.ActiveCfg = Debug|Any CPU
		{88BE8F37-2826-43C1-9991-80C12DD46D48}.Debug|x86.Build.0 = Debug|Any CPU
		{88BE8F37-2826-43C1-9991-80C12DD46D48}.DVD-5|Any CPU.ActiveCfg = Debug|Any CPU
		{88BE8F37-2826-43C1-9991-80C12DD46D48}.DVD-5|Any CPU.Build.0 = Debug|Any CPU
		{88BE8F37-2826-43C1-9991-80C12DD46D48}.DVD-5|x64.ActiveCfg = Debug|Any CPU
		{88BE8F37-2826-43C1-9991-80C12DD46D48}.DVD-5|x64.Build.0 = Debug|Any CPU
		{88BE8F37-2826-43C1-9991-80C12DD46D48}.DVD-5|x86.ActiveCfg = Debug|Any CPU
		{88BE8F37-2826-43C1-9991-80C12DD46D48}.DVD-5|x86.Build.0 = Debug|Any CPU
		{88BE8F37-2826-43C1-9991-80C12DD46D48}.Release|Any CPU.ActiveCfg = Release|Any CPU
		{88BE8F37-2826-43C1-9991-80C12DD46D48}.Release|Any CPU.Build.0 = Release|Any CPU
		{88BE8F37-2826-43C1-9991-80C12DD46D48}.Release|x64.ActiveCfg = Release|Any CPU
		{88BE8F37-2826-43C1-9991-80C12DD46D48}.Release|x64.Build.0 = Release|Any CPU
		{88BE8F37-2826-43C1-9991-80C12DD46D48}.Release|x86.ActiveCfg = Release|Any CPU
		{88BE8F37-2826-43C1-9991-80C12DD46D48}.Release|x86.Build.0 = Release|Any CPU
		{88BE8F37-2826-43C1-9991-80C12DD46D48}.SingleImage|Any CPU.ActiveCfg = Release|Any CPU
		{88BE8F37-2826-43C1-9991-80C12DD46D48}.SingleImage|Any CPU.Build.0 = Release|Any CPU
		{88BE8F37-2826-43C1-9991-80C12DD46D48}.SingleImage|x64.ActiveCfg = Release|Any CPU
		{88BE8F37-2826-43C1-9991-80C12DD46D48}.SingleImage|x64.Build.0 = Release|Any CPU
		{88BE8F37-2826-43C1-9991-80C12DD46D48}.SingleImage|x86.ActiveCfg = Release|Any CPU
		{88BE8F37-2826-43C1-9991-80C12DD46D48}.SingleImage|x86.Build.0 = Release|Any CPU
	EndGlobalSection
	GlobalSection(SolutionProperties) = preSolution
		HideSolutionNode = FALSE
	EndGlobalSection
	GlobalSection(ExtensibilityGlobals) = postSolution
		SolutionGuid = {338110B3-3BA2-47AD-B93B-FA2A5DCFF03E}
	EndGlobalSection
EndGlobal
